
Microsoft Visual Studio Solution File, Format Version 12.00
# Visual Studio Version 16
VisualStudioVersion = 16.0.30523.141
MinimumVisualStudioVersion = 10.0.40219.1
Project("{FAE04EC0-301F-11D3-BF4B-00C04F79EFBC}") = "TaxiWPF", "TaxiWPF\TaxiWPF.csproj", "{119EC24C-C3CA-4E50-B475-2BB13102899A}"
EndProject
Global
	GlobalSection(SolutionConfigurationPlatforms) = preSolution
		Debug|Any CPU = Debug|Any CPU
		Release|Any CPU = Release|Any CPU
	EndGlobalSection
	GlobalSection(ProjectConfigurationPlatforms) = postSolution
		{119EC24C-C3CA-4E50-B475-2BB13102899A}.Debug|Any CPU.ActiveCfg = Debug|Any CPU
		{119EC24C-C3CA-4E50-B475-2BB13102899A}.Debug|Any CPU.Build.0 = Debug|Any CPU
		{119EC24C-C3CA-4E50-B475-2BB13102899A}.Release|Any CPU.ActiveCfg = Release|Any CPU
		{119EC24C-C3CA-4E50-B475-2BB13102899A}.Release|Any CPU.Build.0 = Release|Any CPU
	EndGlobalSection
	GlobalSection(SolutionProperties) = preSolution
		HideSolutionNode = FALSE
	EndGlobalSection
	GlobalSection(ExtensibilityGlobals) = postSolution
		SolutionGuid = {6881F531-FF76-4C48-A7C0-64245FA15C5A}
	EndGlobalSection
EndGlobal
